
Microsoft Visual Studio Solution File, Format Version 12.00
# Visual Studio 14
VisualStudioVersion = 14.0.25420.1
MinimumVisualStudioVersion = 10.0.40219.1
Project("{FAE04EC0-301F-11D3-BF4B-00C04F79EFBC}") = "stoves3.basInt.sourceSample", "stoves3.basInt.sourceSample\stoves3.basInt.sourceSample.csproj", "{6346FF3C-0B15-4DCC-89C7-5FD83B76F891}"
EndProject
Project("{FAE04EC0-301F-11D3-BF4B-00C04F79EFBC}") = "stoves3.basInt.csharp.basFuncs", "stoves3.basInt.csharp.basFuncs\stoves3.basInt.csharp.basFuncs.csproj", "{68AF60FD-0A29-4C44-B520-0D6E76560783}"
EndProject
Project("{FAE04EC0-301F-11D3-BF4B-00C04F79EFBC}") = "stoves3.basInt.csharp.core", "stoves3.basInt.csharp.core\stoves3.basInt.csharp.core.csproj", "{94F93BEC-B2A2-4027-B558-426B8F25AE61}"
EndProject
Project("{FAE04EC0-301F-11D3-BF4B-00C04F79EFBC}") = "stoves3.basInt.csharp.conversion", "stoves3.basInt.csharp.conversion\stoves3.basInt.csharp.conversion.csproj", "{A70467D0-6402-4C47-BE5F-546E8DE6091B}"
EndProject
Project("{FAE04EC0-301F-11D3-BF4B-00C04F79EFBC}") = "stoves3.basInt.csharp.RunApp", "stoves3.basInt.csharp.RunApp\stoves3.basInt.csharp.RunApp.csproj", "{78C5641F-1EB9-4E76-940B-65423737AB95}"
EndProject
Global
	GlobalSection(SolutionConfigurationPlatforms) = preSolution
		Debug|Any CPU = Debug|Any CPU
		Release|Any CPU = Release|Any CPU
	EndGlobalSection
	GlobalSection(ProjectConfigurationPlatforms) = postSolution
		{6346FF3C-0B15-4DCC-89C7-5FD83B76F891}.Debug|Any CPU.ActiveCfg = Debug|Any CPU
		{6346FF3C-0B15-4DCC-89C7-5FD83B76F891}.Debug|Any CPU.Build.0 = Debug|Any CPU
		{6346FF3C-0B15-4DCC-89C7-5FD83B76F891}.Release|Any CPU.ActiveCfg = Release|Any CPU
		{6346FF3C-0B15-4DCC-89C7-5FD83B76F891}.Release|Any CPU.Build.0 = Release|Any CPU
		{68AF60FD-0A29-4C44-B520-0D6E76560783}.Debug|Any CPU.ActiveCfg = Debug|Any CPU
		{68AF60FD-0A29-4C44-B520-0D6E76560783}.Debug|Any CPU.Build.0 = Debug|Any CPU
		{68AF60FD-0A29-4C44-B520-0D6E76560783}.Release|Any CPU.ActiveCfg = Release|Any CPU
		{68AF60FD-0A29-4C44-B520-0D6E76560783}.Release|Any CPU.Build.0 = Release|Any CPU
		{94F93BEC-B2A2-4027-B558-426B8F25AE61}.Debug|Any CPU.ActiveCfg = Debug|Any CPU
		{94F93BEC-B2A2-4027-B558-426B8F25AE61}.Debug|Any CPU.Build.0 = Debug|Any CPU
		{94F93BEC-B2A2-4027-B558-426B8F25AE61}.Release|Any CPU.ActiveCfg = Release|Any CPU
		{94F93BEC-B2A2-4027-B558-426B8F25AE61}.Release|Any CPU.Build.0 = Release|Any CPU
		{A70467D0-6402-4C47-BE5F-546E8DE6091B}.Debug|Any CPU.ActiveCfg = Debug|Any CPU
		{A70467D0-6402-4C47-BE5F-546E8DE6091B}.Debug|Any CPU.Build.0 = Debug|Any CPU
		{A70467D0-6402-4C47-BE5F-546E8DE6091B}.Release|Any CPU.ActiveCfg = Release|Any CPU
		{A70467D0-6402-4C47-BE5F-546E8DE6091B}.Release|Any CPU.Build.0 = Release|Any CPU
		{78C5641F-1EB9-4E76-940B-65423737AB95}.Debug|Any CPU.ActiveCfg = Debug|Any CPU
		{78C5641F-1EB9-4E76-940B-65423737AB95}.Debug|Any CPU.Build.0 = Debug|Any CPU
		{78C5641F-1EB9-4E76-940B-65423737AB95}.Release|Any CPU.ActiveCfg = Release|Any CPU
		{78C5641F-1EB9-4E76-940B-65423737AB95}.Release|Any CPU.Build.0 = Release|Any CPU
	EndGlobalSection
	GlobalSection(SolutionProperties) = preSolution
		HideSolutionNode = FALSE
	EndGlobalSection
EndGlobal
